
Microsoft Visual Studio Solution File, Format Version 12.00
# Visual Studio 2013
VisualStudioVersion = 12.0.31101.0
MinimumVisualStudioVersion = 10.0.40219.1
Project("{FAE04EC0-301F-11D3-BF4B-00C04F79EFBC}") = "CameraTest.WinPhone", "CameraTest.WinPhone\CameraTest.WinPhone.csproj", "{399FE7CE-4D8E-4AA6-9FE1-805316997BFC}"
EndProject
Project("{FAE04EC0-301F-11D3-BF4B-00C04F79EFBC}") = "CameraTest.Core", "CameraTest.Core\CameraTest.Core.csproj", "{846E27A9-4107-4CCD-A603-55DECEE3C387}"
EndProject
Global
	GlobalSection(SolutionConfigurationPlatforms) = preSolution
		Debug|Any CPU = Debug|Any CPU
		Debug|ARM = Debug|ARM
		Debug|x86 = Debug|x86
		Release|Any CPU = Release|Any CPU
		Release|ARM = Release|ARM
		Release|x86 = Release|x86
	EndGlobalSection
	GlobalSection(ProjectConfigurationPlatforms) = postSolution
		{399FE7CE-4D8E-4AA6-9FE1-805316997BFC}.Debug|Any CPU.ActiveCfg = Debug|Any CPU
		{399FE7CE-4D8E-4AA6-9FE1-805316997BFC}.Debug|Any CPU.Build.0 = Debug|Any CPU
		{399FE7CE-4D8E-4AA6-9FE1-805316997BFC}.Debug|Any CPU.Deploy.0 = Debug|Any CPU
		{399FE7CE-4D8E-4AA6-9FE1-805316997BFC}.Debug|ARM.ActiveCfg = Debug|ARM
		{399FE7CE-4D8E-4AA6-9FE1-805316997BFC}.Debug|ARM.Build.0 = Debug|ARM
		{399FE7CE-4D8E-4AA6-9FE1-805316997BFC}.Debug|ARM.Deploy.0 = Debug|ARM
		{399FE7CE-4D8E-4AA6-9FE1-805316997BFC}.Debug|x86.ActiveCfg = Debug|x86
		{399FE7CE-4D8E-4AA6-9FE1-805316997BFC}.Debug|x86.Build.0 = Debug|x86
		{399FE7CE-4D8E-4AA6-9FE1-805316997BFC}.Debug|x86.Deploy.0 = Debug|x86
		{399FE7CE-4D8E-4AA6-9FE1-805316997BFC}.Release|Any CPU.ActiveCfg = Release|Any CPU
		{399FE7CE-4D8E-4AA6-9FE1-805316997BFC}.Release|Any CPU.Build.0 = Release|Any CPU
		{399FE7CE-4D8E-4AA6-9FE1-805316997BFC}.Release|Any CPU.Deploy.0 = Release|Any CPU
		{399FE7CE-4D8E-4AA6-9FE1-805316997BFC}.Release|ARM.ActiveCfg = Release|ARM
		{399FE7CE-4D8E-4AA6-9FE1-805316997BFC}.Release|ARM.Build.0 = Release|ARM
		{399FE7CE-4D8E-4AA6-9FE1-805316997BFC}.Release|ARM.Deploy.0 = Release|ARM
		{399FE7CE-4D8E-4AA6-9FE1-805316997BFC}.Release|x86.ActiveCfg = Release|x86
		{399FE7CE-4D8E-4AA6-9FE1-805316997BFC}.Release|x86.Build.0 = Release|x86
		{399FE7CE-4D8E-4AA6-9FE1-805316997BFC}.Release|x86.Deploy.0 = Release|x86
		{846E27A9-4107-4CCD-A603-55DECEE3C387}.Debug|Any CPU.ActiveCfg = Debug|Any CPU
		{846E27A9-4107-4CCD-A603-55DECEE3C387}.Debug|Any CPU.Build.0 = Debug|Any CPU
		{846E27A9-4107-4CCD-A603-55DECEE3C387}.Debug|ARM.ActiveCfg = Debug|Any CPU
		{846E27A9-4107-4CCD-A603-55DECEE3C387}.Debug|x86.ActiveCfg = Debug|Any CPU
		{846E27A9-4107-4CCD-A603-55DECEE3C387}.Release|Any CPU.ActiveCfg = Release|Any CPU
		{846E27A9-4107-4CCD-A603-55DECEE3C387}.Release|Any CPU.Build.0 = Release|Any CPU
		{846E27A9-4107-4CCD-A603-55DECEE3C387}.Release|ARM.ActiveCfg = Release|Any CPU
		{846E27A9-4107-4CCD-A603-55DECEE3C387}.Release|x86.ActiveCfg = Release|Any CPU
	EndGlobalSection
	GlobalSection(SolutionProperties) = preSolution
		HideSolutionNode = FALSE
	EndGlobalSection
EndGlobal
